
Microsoft Visual Studio Solution File, Format Version 12.00
Project("{FAE04EC0-301F-11D3-BF4B-00C04F79EFBC}") = "Kafka.Demo.WebApi", "Kafka.Demo.WebApi\Kafka.Demo.WebApi.csproj", "{B9B84A25-7138-48AC-9E35-ABBDBFAC6B0F}"
EndProject
Project("{FAE04EC0-301F-11D3-BF4B-00C04F79EFBC}") = "Kafka.Demo.Lib", "Kafka.Demo.Lib\Kafka.Demo.Lib.csproj", "{C787BABA-CC64-433F-97E1-EA3B5D27CA32}"
EndProject
Global
	GlobalSection(SolutionConfigurationPlatforms) = preSolution
		Debug|Any CPU = Debug|Any CPU
		Release|Any CPU = Release|Any CPU
	EndGlobalSection
	GlobalSection(ProjectConfigurationPlatforms) = postSolution
		{B9B84A25-7138-48AC-9E35-ABBDBFAC6B0F}.Debug|Any CPU.ActiveCfg = Debug|Any CPU
		{B9B84A25-7138-48AC-9E35-ABBDBFAC6B0F}.Debug|Any CPU.Build.0 = Debug|Any CPU
		{B9B84A25-7138-48AC-9E35-ABBDBFAC6B0F}.Release|Any CPU.ActiveCfg = Release|Any CPU
		{B9B84A25-7138-48AC-9E35-ABBDBFAC6B0F}.Release|Any CPU.Build.0 = Release|Any CPU
		{C787BABA-CC64-433F-97E1-EA3B5D27CA32}.Debug|Any CPU.ActiveCfg = Debug|Any CPU
		{C787BABA-CC64-433F-97E1-EA3B5D27CA32}.Debug|Any CPU.Build.0 = Debug|Any CPU
		{C787BABA-CC64-433F-97E1-EA3B5D27CA32}.Release|Any CPU.ActiveCfg = Release|Any CPU
		{C787BABA-CC64-433F-97E1-EA3B5D27CA32}.Release|Any CPU.Build.0 = Release|Any CPU
	EndGlobalSection
EndGlobal
